
Microsoft Visual Studio Solution File, Format Version 12.00
# Visual Studio 15
VisualStudioVersion = 15.0.28307.539
MinimumVisualStudioVersion = 10.0.40219.1
Project("{FAE04EC0-301F-11D3-BF4B-00C04F79EFBC}") = "Transliter", "Transliter\Transliter.csproj", "{18AC757E-48FA-4157-9A10-3260917FA526}"
EndProject
Global
	GlobalSection(SolutionConfigurationPlatforms) = preSolution
		Debug|Any CPU = Debug|Any CPU
		Release|Any CPU = Release|Any CPU
	EndGlobalSection
	GlobalSection(ProjectConfigurationPlatforms) = postSolution
		{18AC757E-48FA-4157-9A10-3260917FA526}.Debug|Any CPU.ActiveCfg = Debug|Any CPU
		{18AC757E-48FA-4157-9A10-3260917FA526}.Debug|Any CPU.Build.0 = Debug|Any CPU
		{18AC757E-48FA-4157-9A10-3260917FA526}.Release|Any CPU.ActiveCfg = Release|Any CPU
		{18AC757E-48FA-4157-9A10-3260917FA526}.Release|Any CPU.Build.0 = Release|Any CPU
	EndGlobalSection
	GlobalSection(SolutionProperties) = preSolution
		HideSolutionNode = FALSE
	EndGlobalSection
	GlobalSection(ExtensibilityGlobals) = postSolution
		SolutionGuid = {725CF5A3-401E-4934-9340-51C3AA90B264}
	EndGlobalSection
EndGlobal
